
Microsoft Visual Studio Solution File, Format Version 12.00
# Visual Studio Version 16
VisualStudioVersion = 16.0.31613.86
MinimumVisualStudioVersion = 10.0.40219.1
Project("{FAE04EC0-301F-11D3-BF4B-00C04F79EFBC}") = "Obligatorio2", "Obligatorio2\Obligatorio2.csproj", "{CA43918A-8FB2-4CC6-BE82-86CD7276B132}"
EndProject
Global
	GlobalSection(SolutionConfigurationPlatforms) = preSolution
		Debug|Any CPU = Debug|Any CPU
		Release|Any CPU = Release|Any CPU
	EndGlobalSection
	GlobalSection(ProjectConfigurationPlatforms) = postSolution
		{CA43918A-8FB2-4CC6-BE82-86CD7276B132}.Debug|Any CPU.ActiveCfg = Debug|Any CPU
		{CA43918A-8FB2-4CC6-BE82-86CD7276B132}.Debug|Any CPU.Build.0 = Debug|Any CPU
		{CA43918A-8FB2-4CC6-BE82-86CD7276B132}.Release|Any CPU.ActiveCfg = Release|Any CPU
		{CA43918A-8FB2-4CC6-BE82-86CD7276B132}.Release|Any CPU.Build.0 = Release|Any CPU
	EndGlobalSection
	GlobalSection(SolutionProperties) = preSolution
		HideSolutionNode = FALSE
	EndGlobalSection
	GlobalSection(ExtensibilityGlobals) = postSolution
		SolutionGuid = {265711E5-3D88-44D2-B0A6-1E99D90E9CD8}
	EndGlobalSection
EndGlobal
